
Microsoft Visual Studio Solution File, Format Version 12.00
# Visual Studio Version 17
VisualStudioVersion = 17.9.34714.143
MinimumVisualStudioVersion = 10.0.40219.1
Project("{FAE04EC0-301F-11D3-BF4B-00C04F79EFBC}") = "Solace Web Client", "Solace Web Client.csproj", "{FBF172AA-B2FD-420D-BE28-E6740B6F9784}"
EndProject
Global
	GlobalSection(SolutionConfigurationPlatforms) = preSolution
		Debug|Any CPU = Debug|Any CPU
		Release|Any CPU = Release|Any CPU
	EndGlobalSection
	GlobalSection(ProjectConfigurationPlatforms) = postSolution
		{FBF172AA-B2FD-420D-BE28-E6740B6F9784}.Debug|Any CPU.ActiveCfg = Debug|Any CPU
		{FBF172AA-B2FD-420D-BE28-E6740B6F9784}.Debug|Any CPU.Build.0 = Debug|Any CPU
		{FBF172AA-B2FD-420D-BE28-E6740B6F9784}.Release|Any CPU.ActiveCfg = Release|Any CPU
		{FBF172AA-B2FD-420D-BE28-E6740B6F9784}.Release|Any CPU.Build.0 = Release|Any CPU
	EndGlobalSection
	GlobalSection(SolutionProperties) = preSolution
		HideSolutionNode = FALSE
	EndGlobalSection
	GlobalSection(ExtensibilityGlobals) = postSolution
		SolutionGuid = {D3A2BA3A-98E3-4D7C-8422-D469E160634D}
	EndGlobalSection
EndGlobal
